Microsoft Visual Studio Solution File, Format Version 12.00
# Visual Studio 15
VisualStudioVersion = 15.0.27703.2018
MinimumVisualStudioVersion = 10.0.40219.1
Project("{9A19103F-16F7-4668-BE54-9A1E7A4F7556}") = "Maevent.API", "Maevent.API\Maevent.API.csproj", "{F7CEB9EA-CA71-4B9B-8985-B2AAE77F5883}"
EndProject
Project("{FAE04EC0-301F-11D3-BF4B-00C04F79EFBC}") = "Maevent.Data", "Maevent.Data\Maevent.Data.csproj", "{B0C7DBA3-04CA-4D67-8E9F-32B3E94A6AB3}"
EndProject
Global
	GlobalSection(SolutionConfigurationPlatforms) = preSolution
		Debug|Any CPU = Debug|Any CPU
		Release|Any CPU = Release|Any CPU
	EndGlobalSection
	GlobalSection(ProjectConfigurationPlatforms) = postSolution
		{F7CEB9EA-CA71-4B9B-8985-B2AAE77F5883}.Debug|Any CPU.ActiveCfg = Debug|Any CPU
		{F7CEB9EA-CA71-4B9B-8985-B2AAE77F5883}.Debug|Any CPU.Build.0 = Debug|Any CPU
		{F7CEB9EA-CA71-4B9B-8985-B2AAE77F5883}.Release|Any CPU.ActiveCfg = Release|Any CPU
		{F7CEB9EA-CA71-4B9B-8985-B2AAE77F5883}.Release|Any CPU.Build.0 = Release|Any CPU
		{B0C7DBA3-04CA-4D67-8E9F-32B3E94A6AB3}.Debug|Any CPU.ActiveCfg = Debug|Any CPU
		{B0C7DBA3-04CA-4D67-8E9F-32B3E94A6AB3}.Debug|Any CPU.Build.0 = Debug|Any CPU
		{B0C7DBA3-04CA-4D67-8E9F-32B3E94A6AB3}.Release|Any CPU.ActiveCfg = Release|Any CPU
		{B0C7DBA3-04CA-4D67-8E9F-32B3E94A6AB3}.Release|Any CPU.Build.0 = Release|Any CPU
	EndGlobalSection
	GlobalSection(SolutionProperties) = preSolution
		HideSolutionNode = FALSE
	EndGlobalSection
	GlobalSection(ExtensibilityGlobals) = postSolution
		SolutionGuid = {878AEC68-FB23-4078-A894-3C3A3539F511}
	EndGlobalSection
EndGlobal
